{
  "version": 4,
  "terraform_version": "1.12.0",
  "serial": 239,
  "lineage": "b4246e51-f563-2c56-9106-23d71de91d28",
  "outputs": {
    "vm_ip": {
      "value": "172.173.162.198",
      "type": "string"
    }
  },
  "resources": [
    {
      "mode": "managed",
      "type": "azurerm_linux_virtual_machine",
      "name": "vm1",
      "provider": "provider[\"registry.terraform.io/hashicorp/azurerm\"]",
      "instances": [
        {
          "schema_version": 0,
          "attributes": {
            "additional_capabilities": [],
            "admin_password": null,
            "admin_ssh_key": [
              {
                "public_key": "ssh-rsa AAAAB3NzaC1yc2EAAAADAQABAAACAQC2vWfD1fRgsyJu7N0cBVn4m+Q7cNjOCMBEDihQKp2ITmtkOW7MNtuDi/ecMMgm3UQSoYm51Q9zhFVO+5XyMk0l83RDVAik91cCXMwaUpfktM5NOC2WcHWTv3sBQCeDyy5LmvGKZwEkXxkHEfMk5HlmexwNZFHwMUO1lcFr7pf/H6GEYND/GYjwyu6gfCm/SJhq5D0IJb3LTUBX5SEMbHRfOmhMglWrZtsW+aslUovQ1d5JN5exwJK9YmgRFQKT7napkvZOSejRgJEbVyXn79vyfQswnbf7oCvrwoRqri6YPCHiW8lpxQwKAUJR+WjNLVqZV6ShQ2xmMt/l9yCRUd4j7BUZeT1c2ZEP7K+NCP/ufwwaN+nDHJTfLJs/696nslRhymCXV9b/vc5B8w9EahveMMcTVMSVG0orVYozldf+jbLwxY6pBkPiorHYKpHxX08+k3d4NGY6bI7Cih063akgnIhLnCdVSYb4/1HfJxNY5uDeBp+Wh0c3oMvWjuOolvhJ10xQQRA0CoYJTmUat8t8LF34oznf1THaHzmvLExR37SmUvGMzO+zXt3ZCT0R/HJ1KgXHdmF9Vl5X4hDqxywCC8A70iqD7M4nFBK8LzpW5+2zT6vvvv3InJQLVJg0b6DFzMU92J1YddyoLE5T3IM6jSkkdNpWCJUX+DXX1TQzTw== abdul@TABLET-I2N3ACEC\n",
                "username": "adminuser"
              }
            ],
            "admin_username": "adminuser",
            "allow_extension_operations": true,
            "availability_set_id": "",
            "boot_diagnostics": [],
            "bypass_platform_safety_checks_on_user_schedule_enabled": false,
            "capacity_reservation_group_id": "",
            "computer_name": "vm-muhammed",
            "custom_data": null,
            "dedicated_host_group_id": "",
            "dedicated_host_id": "",
            "disable_password_authentication": true,
            "disk_controller_type": "",
            "edge_zone": "",
            "encryption_at_host_enabled": false,
            "eviction_policy": "",
            "extensions_time_budget": "PT1H30M",
            "gallery_application": [],
            "id": "/subscriptions/bd568ec2-e05e-468f-8315-2ef473e1f3d9/resourceGroups/resource-group-muhammed/providers/Microsoft.Compute/virtualMachines/vm-muhammed",
            "identity": [],
            "license_type": "",
            "location": "eastus",
            "max_bid_price": -1,
            "name": "vm-muhammed",
            "network_interface_ids": [
              "/subscriptions/bd568ec2-e05e-468f-8315-2ef473e1f3d9/resourceGroups/resource-group-muhammed/providers/Microsoft.Network/networkInterfaces/nic-muhammed"
            ],
            "os_disk": [
              {
                "caching": "ReadWrite",
                "diff_disk_settings": [],
                "disk_encryption_set_id": "",
                "disk_size_gb": 30,
                "id": "/subscriptions/bd568ec2-e05e-468f-8315-2ef473e1f3d9/resourceGroups/resource-group-muhammedan/providers/Microsoft.Compute/disks/os-disk-muhammedan",
                "name": "os-disk-muhammedan",
                "secure_vm_disk_encryption_set_id": "",
                "security_encryption_type": "",
                "storage_account_type": "Standard_LRS",
                "write_accelerator_enabled": false
              }
            ],
            "os_image_notification": [],
            "patch_assessment_mode": "ImageDefault",
            "patch_mode": "ImageDefault",
            "plan": [],
            "platform_fault_domain": -1,
            "priority": "Regular",
            "private_ip_address": "10.0.1.4",
            "private_ip_addresses": [
              "10.0.1.4"
            ],
            "provision_vm_agent": true,
            "proximity_placement_group_id": "",
            "public_ip_address": "172.173.162.198",
            "public_ip_addresses": [
              "172.173.162.198"
            ],
            "reboot_setting": "",
            "resource_group_name": "resource-group-muhammedan",
            "secret": [],
            "secure_boot_enabled": false,
            "size": "Standard_B2s",
            "source_image_id": "",
            "source_image_reference": [
              {
                "offer": "debian-12",
                "publisher": "Debian",
                "sku": "12",
                "version": "latest"
              }
            ],
            "tags": {
              "name": "Muhammed",
              "projekt": "Dev-Ops-Kurs"
            },
            "termination_notification": [],
            "timeouts": null,
            "user_data": "",
            "virtual_machine_id": "0b53a812-b740-4aeb-8f29-127e21b2ea34",
            "virtual_machine_scale_set_id": "",
            "vm_agent_platform_updates_enabled": false,
            "vtpm_enabled": false,
            "zone": ""
          },
          "sensitive_attributes": [
            [
              {
                "type": "get_attr",
                "value": "admin_password"
              }
            ],
            [
              {
                "type": "get_attr",
                "value": "custom_data"
              }
            ]
          ],
          "identity_schema_version": 0,
          "private": "eyJlMmJmYjczMC1lY2FhLTExZTYtOGY4OC0zNDM2M2JjN2M0YzAiOnsiY3JlYXRlIjoyNzAwMDAwMDAwMDAwLCJkZWxldGUiOjI3MDAwMDAwMDAwMDAsInJlYWQiOjMwMDAwMDAwMDAwMCwidXBkYXRlIjoyNzAwMDAwMDAwMDAwfX0=",
          "dependencies": [
            "azurerm_network_interface.nic",
            "azurerm_public_ip.public-ip",
            "azurerm_resource_group.resource-grp",
            "azurerm_subnet.subnet",
            "azurerm_virtual_network.virtual-network"
          ]
        }
      ]
    },
    {
      "mode": "managed",
      "type": "azurerm_network_interface",
      "name": "nic",
      "provider": "provider[\"registry.terraform.io/hashicorp/azurerm\"]",
      "instances": [
        {
          "schema_version": 0,
          "attributes": {
            "accelerated_networking_enabled": false,
            "applied_dns_servers": [],
            "auxiliary_mode": "",
            "auxiliary_sku": "",
            "dns_servers": [],
            "edge_zone": "",
            "id": "/subscriptions/bd568ec2-e05e-468f-8315-2ef473e1f3d9/resourceGroups/resource-group-muhammedan/providers/Microsoft.Network/networkInterfaces/nic-muhammed",
            "internal_dns_name_label": "",
            "internal_domain_name_suffix": "uamau40tqxiefphh2ar0dafwba.bx.internal.cloudapp.net",
            "ip_configuration": [
              {
                "gateway_load_balancer_frontend_ip_configuration_id": "",
                "name": "internal",
                "primary": true,
                "private_ip_address": "10.0.1.4",
                "private_ip_address_allocation": "Dynamic",
                "private_ip_address_version": "IPv4",
                "public_ip_address_id": "/subscriptions/bd568ec2-e05e-468f-8315-2ef473e1f3d9/resourceGroups/resource-group-muhammedan/providers/Microsoft.Network/publicIPAddresses/public-ip-muhammed",
                "subnet_id": "/subscriptions/bd568ec2-e05e-468f-8315-2ef473e1f3d9/resourceGroups/resource-group-muhammedan/providers/Microsoft.Network/virtualNetworks/vn-muhammedan/subnets/subnet-muhammed"
              }
            ],
            "ip_forwarding_enabled": false,
            "location": "eastus",
            "mac_address": "7C-1E-52-5B-48-17",
            "name": "nic-muhammed",
            "private_ip_address": "10.0.1.4",
            "private_ip_addresses": [
              "10.0.1.4"
            ],
            "resource_group_name": "resource-group-muhammedan",
            "tags": {
              "name": "Muhammed",
              "projekt": "Dev-Ops-Kurs"
            },
            "timeouts": null,
            "virtual_machine_id": "/subscriptions/bd568ec2-e05e-468f-8315-2ef473e1f3d9/resourceGroups/resource-group-muhammedan/providers/Microsoft.Compute/virtualMachines/vm-muhammed"
          },
          "sensitive_attributes": [],
          "identity_schema_version": 0,
          "private": "eyJlMmJmYjczMC1lY2FhLTExZTYtOGY4OC0zNDM2M2JjN2M0YzAiOnsiY3JlYXRlIjoxODAwMDAwMDAwMDAwLCJkZWxldGUiOjE4MDAwMDAwMDAwMDAsInJlYWQiOjMwMDAwMDAwMDAwMCwidXBkYXRlIjoxODAwMDAwMDAwMDAwfX0=",
          "dependencies": [
            "azurerm_public_ip.public-ip",
            "azurerm_resource_group.resource-grp",
            "azurerm_subnet.subnet",
            "azurerm_virtual_network.virtual-network"
          ]
        }
      ]
    },
    {
      "mode": "managed",
      "type": "azurerm_network_interface_security_group_association",
      "name": "nic-sg",
      "provider": "provider[\"registry.terraform.io/hashicorp/azurerm\"]",
      "instances": [
        {
          "schema_version": 0,
          "attributes": {
            "id": "/subscriptions/bd568ec2-e05e-468f-8315-2ef473e1f3d9/resourceGroups/resource-group-muhammedan/providers/Microsoft.Network/networkInterfaces/nic-muhammed|/subscriptions/bd568ec2-e05e-468f-8315-2ef473e1f3d9/resourceGroups/resource-group-muhammedan/providers/Microsoft.Network/networkSecurityGroups/security-group-muhammedan",
            "network_interface_id": "/subscriptions/bd568ec2-e05e-468f-8315-2ef473e1f3d9/resourceGroups/resource-group-muhammedan/providers/Microsoft.Network/networkInterfaces/nic-muhammed",
            "network_security_group_id": "/subscriptions/bd568ec2-e05e-468f-8315-2ef473e1f3d9/resourceGroups/resource-group-muhammedan/providers/Microsoft.Network/networkSecurityGroups/security-group-muhammedan",
            "timeouts": null
          },
          "sensitive_attributes": [],
          "identity_schema_version": 0,
          "private": "eyJlMmJmYjczMC1lY2FhLTExZTYtOGY4OC0zNDM2M2JjN2M0YzAiOnsiY3JlYXRlIjoxODAwMDAwMDAwMDAwLCJkZWxldGUiOjE4MDAwMDAwMDAwMDAsInJlYWQiOjMwMDAwMDAwMDAwMH19",
          "dependencies": [
            "azurerm_network_interface.nic",
            "azurerm_network_security_group.security-group",
            "azurerm_public_ip.public-ip",
            "azurerm_resource_group.resource-grp",
            "azurerm_subnet.subnet",
            "azurerm_virtual_network.virtual-network"
          ]
        }
      ]
    },
    {
      "mode": "managed",
      "type": "azurerm_network_security_group",
      "name": "security-group",
      "provider": "provider[\"registry.terraform.io/hashicorp/azurerm\"]",
      "instances": [
        {
          "schema_version": 0,
          "attributes": {
            "id": "/subscriptions/bd568ec2-e05e-468f-8315-2ef473e1f3d9/resourceGroups/resource-group-muhammedan/providers/Microsoft.Network/networkSecurityGroups/security-group-muhammedan",
            "location": "eastus",
            "name": "security-group-muhammedan",
            "resource_group_name": "resource-group-muhammedan",
            "security_rule": [
              {
                "access": "Allow",
                "description": "",
                "destination_address_prefix": "*",
                "destination_address_prefixes": [],
                "destination_application_security_group_ids": [],
                "destination_port_range": "*",
                "destination_port_ranges": [],
                "direction": "Outbound",
                "name": "allOutbound",
                "priority": 100,
                "protocol": "Tcp",
                "source_address_prefix": "*",
                "source_address_prefixes": [],
                "source_application_security_group_ids": [],
                "source_port_range": "*",
                "source_port_ranges": []
              },
              {
                "access": "Allow",
                "description": "",
                "destination_address_prefix": "*",
                "destination_address_prefixes": [],
                "destination_application_security_group_ids": [],
                "destination_port_range": "22",
                "destination_port_ranges": [],
                "direction": "Inbound",
                "name": "ssh",
                "priority": 100,
                "protocol": "Tcp",
                "source_address_prefix": "*",
                "source_address_prefixes": [],
                "source_application_security_group_ids": [],
                "source_port_range": "*",
                "source_port_ranges": []
              }
            ],
            "tags": {
              "name": "Muhammed",
              "projekt": "Dev-Ops-Kurs"
            },
            "timeouts": null
          },
          "sensitive_attributes": [],
          "identity_schema_version": 0,
          "private": "eyJlMmJmYjczMC1lY2FhLTExZTYtOGY4OC0zNDM2M2JjN2M0YzAiOnsiY3JlYXRlIjoxODAwMDAwMDAwMDAwLCJkZWxldGUiOjE4MDAwMDAwMDAwMDAsInJlYWQiOjMwMDAwMDAwMDAwMCwidXBkYXRlIjoxODAwMDAwMDAwMDAwfX0=",
          "dependencies": [
            "azurerm_resource_group.resource-grp"
          ]
        }
      ]
    },
    {
      "mode": "managed",
      "type": "azurerm_public_ip",
      "name": "public-ip",
      "provider": "provider[\"registry.terraform.io/hashicorp/azurerm\"]",
      "instances": [
        {
          "schema_version": 0,
          "attributes": {
            "allocation_method": "Static",
            "ddos_protection_mode": "VirtualNetworkInherited",
            "ddos_protection_plan_id": null,
            "domain_name_label": null,
            "domain_name_label_scope": null,
            "edge_zone": "",
            "fqdn": null,
            "id": "/subscriptions/bd568ec2-e05e-468f-8315-2ef473e1f3d9/resourceGroups/resource-group-muhammedan/providers/Microsoft.Network/publicIPAddresses/public-ip-muhammed",
            "idle_timeout_in_minutes": 4,
            "ip_address": "172.173.162.198",
            "ip_tags": {},
            "ip_version": "IPv4",
            "location": "eastus",
            "name": "public-ip-muhammed",
            "public_ip_prefix_id": null,
            "resource_group_name": "resource-group-muhammedan",
            "reverse_fqdn": null,
            "sku": "Standard",
            "sku_tier": "Regional",
            "tags": {
              "name": "Muhammed",
              "projekt": "Dev-Ops-Kurs"
            },
            "timeouts": null,
            "zones": []
          },
          "sensitive_attributes": [],
          "identity_schema_version": 0,
          "private": "eyJlMmJmYjczMC1lY2FhLTExZTYtOGY4OC0zNDM2M2JjN2M0YzAiOnsiY3JlYXRlIjoxODAwMDAwMDAwMDAwLCJkZWxldGUiOjE4MDAwMDAwMDAwMDAsInJlYWQiOjMwMDAwMDAwMDAwMCwidXBkYXRlIjoxODAwMDAwMDAwMDAwfX0=",
          "dependencies": [
            "azurerm_resource_group.resource-grp"
          ]
        }
      ]
    },
    {
      "mode": "managed",
      "type": "azurerm_resource_group",
      "name": "resource-grp",
      "provider": "provider[\"registry.terraform.io/hashicorp/azurerm\"]",
      "instances": [
        {
          "schema_version": 0,
          "attributes": {
            "id": "/subscriptions/bd568ec2-e05e-468f-8315-2ef473e1f3d9/resourceGroups/resource-group-muhammedan",
            "location": "eastus",
            "managed_by": "",
            "name": "resource-group-muhammedan",
            "tags": {
              "name": "Muhammed",
              "projekt": "Dev-Ops-Kurs"
            },
            "timeouts": null
          },
          "sensitive_attributes": [],
          "identity_schema_version": 0,
          "private": "eyJlMmJmYjczMC1lY2FhLTExZTYtOGY4OC0zNDM2M2JjN2M0YzAiOnsiY3JlYXRlIjo1NDAwMDAwMDAwMDAwLCJkZWxldGUiOjU0MDAwMDAwMDAwMDAsInJlYWQiOjMwMDAwMDAwMDAwMCwidXBkYXRlIjo1NDAwMDAwMDAwMDAwfX0="
        }
      ]
    },
    {
      "mode": "managed",
      "type": "azurerm_subnet",
      "name": "subnet",
      "provider": "provider[\"registry.terraform.io/hashicorp/azurerm\"]",
      "instances": [
        {
          "schema_version": 0,
          "attributes": {
            "address_prefixes": [
              "10.0.1.0/24"
            ],
            "default_outbound_access_enabled": true,
            "delegation": [],
            "id": "/subscriptions/bd568ec2-e05e-468f-8315-2ef473e1f3d9/resourceGroups/resource-group-muhammedan/providers/Microsoft.Network/virtualNetworks/vn-muhammedan/subnets/subnet-muhammed",
            "name": "subnet-muhammed",
            "private_endpoint_network_policies": "Disabled",
            "private_link_service_network_policies_enabled": true,
            "resource_group_name": "resource-group-muhammedan",
            "service_endpoint_policy_ids": [],
            "service_endpoints": [],
            "timeouts": null,
            "virtual_network_name": "vn-muhammedan"
          },
          "sensitive_attributes": [],
          "identity_schema_version": 0,
          "private": "eyJlMmJmYjczMC1lY2FhLTExZTYtOGY4OC0zNDM2M2JjN2M0YzAiOnsiY3JlYXRlIjoxODAwMDAwMDAwMDAwLCJkZWxldGUiOjE4MDAwMDAwMDAwMDAsInJlYWQiOjMwMDAwMDAwMDAwMCwidXBkYXRlIjoxODAwMDAwMDAwMDAwfX0=",
          "dependencies": [
            "azurerm_resource_group.resource-grp",
            "azurerm_virtual_network.virtual-network"
          ]
        }
      ]
    },
    {
      "mode": "managed",
      "type": "azurerm_virtual_network",
      "name": "virtual-network",
      "provider": "provider[\"registry.terraform.io/hashicorp/azurerm\"]",
      "instances": [
        {
          "schema_version": 0,
          "attributes": {
            "address_space": [
              "10.0.0.0/16"
            ],
            "bgp_community": "",
            "ddos_protection_plan": [],
            "dns_servers": [],
            "edge_zone": "",
            "encryption": [],
            "flow_timeout_in_minutes": 0,
            "guid": "7b0a18a0-8553-42d0-bce7-e023a180b608",
            "id": "/subscriptions/bd568ec2-e05e-468f-8315-2ef473e1f3d9/resourceGroups/resource-group-muhammedan/providers/Microsoft.Network/virtualNetworks/vn-muhammedan",
            "location": "eastus",
            "name": "vn-muhammedan",
            "private_endpoint_vnet_policies": "Disabled",
            "resource_group_name": "resource-group-muhammedan",
            "subnet": [
              {
                "address_prefixes": [
                  "10.0.1.0/24"
                ],
                "default_outbound_access_enabled": true,
                "delegation": [],
                "id": "/subscriptions/bd568ec2-e05e-468f-8315-2ef473e1f3d9/resourceGroups/resource-group-muhammedan/providers/Microsoft.Network/virtualNetworks/vn-muhammedan/subnets/subnet-muhammed",
                "name": "subnet-muhammed",
                "private_endpoint_network_policies": "Disabled",
                "private_link_service_network_policies_enabled": true,
                "route_table_id": "",
                "security_group": "",
                "service_endpoint_policy_ids": [],
                "service_endpoints": []
              }
            ],
            "tags": {
              "name": "Muhammed",
              "projekt": "Dev-Ops-Kurs"
            },
            "timeouts": null
          },
          "sensitive_attributes": [],
          "identity_schema_version": 0,
          "private": "eyJlMmJmYjczMC1lY2FhLTExZTYtOGY4OC0zNDM2M2JjN2M0YzAiOnsiY3JlYXRlIjoxODAwMDAwMDAwMDAwLCJkZWxldGUiOjE4MDAwMDAwMDAwMDAsInJlYWQiOjMwMDAwMDAwMDAwMCwidXBkYXRlIjoxODAwMDAwMDAwMDAwfX0=",
          "dependencies": [
            "azurerm_resource_group.resource-grp"
          ]
        }
      ]
    },
    {
      "mode": "managed",
      "type": "local_file",
      "name": "ansible_inventory",
      "provider": "provider[\"registry.terraform.io/hashicorp/local\"]",
      "instances": [
        {
          "schema_version": 0,
          "attributes": {
            "content": "all:\r\n  hosts:\r\n    vm-muhammed:\r\n      ansible_host: 172.173.162.198\r\n      ansible_user: adminuser\r\n      ansible_ssh_private_key_file: ./azure-key.pub\r\n      \r\n",
            "content_base64": null,
            "content_base64sha256": "dPsTRqWz11/Hzqar0twyijR98CjCzKpTI2aqs67SSvI=",
            "content_base64sha512": "yGpaXzxwfx0L4tLiKM/mBKUHeG5uiCL2cl1UQF+JSwXUYZXAVa3RjGyXtJivbLdqe8/7FJ2dL9ADcNxsRrMxFQ==",
            "content_md5": "49d4102744f7385b9944b344ee8d99bb",
            "content_sha1": "80116375d38d4ee248f8fc09884863df72308b99",
            "content_sha256": "74fb1346a5b3d75fc7cea6abd2dc328a347df028c2ccaa532366aab3aed24af2",
            "content_sha512": "c86a5a5f3c707f1d0be2d2e228cfe604a507786e6e8822f6725d54405f894b05d46195c055add18c6c97b498af6cb76a7bcffb149d9d2fd00370dc6c46b33115",
            "directory_permission": "0777",
            "file_permission": "0777",
            "filename": "./inventory.yml",
            "id": "80116375d38d4ee248f8fc09884863df72308b99",
            "sensitive_content": null,
            "source": null
          },
          "sensitive_attributes": [
            [
              {
                "type": "get_attr",
                "value": "sensitive_content"
              }
            ]
          ],
          "identity_schema_version": 0,
          "dependencies": [
            "azurerm_linux_virtual_machine.vm1",
            "azurerm_network_interface.nic",
            "azurerm_public_ip.public-ip",
            "azurerm_resource_group.resource-grp",
            "azurerm_subnet.subnet",
            "azurerm_virtual_network.virtual-network"
          ]
        }
      ]
    }
  ],
  "check_results": null
}
